
Microsoft Visual Studio Solution File, Format Version 12.00
# Visual Studio 15
VisualStudioVersion = 15.0.28307.705
MinimumVisualStudioVersion = 10.0.40219.1
Project("{FAE04EC0-301F-11D3-BF4B-00C04F79EFBC}") = "DungeonQuest", "DungeonQuest\DungeonQuest.csproj", "{2A171B4C-9480-4A6C-9B66-45E4CCFFE9F0}"
EndProject
Project("{FAE04EC0-301F-11D3-BF4B-00C04F79EFBC}") = "DungeonQuestTests", "DungeonQuestTests\DungeonQuestTests.csproj", "{A2EFF2C4-0DE5-4BFA-ACAA-0CB3FD6E518A}"
EndProject
Global
	GlobalSection(SolutionConfigurationPlatforms) = preSolution
		Debug|Any CPU = Debug|Any CPU
		Release|Any CPU = Release|Any CPU
	EndGlobalSection
	GlobalSection(ProjectConfigurationPlatforms) = postSolution
		{2A171B4C-9480-4A6C-9B66-45E4CCFFE9F0}.Debug|Any CPU.ActiveCfg = Debug|Any CPU
		{2A171B4C-9480-4A6C-9B66-45E4CCFFE9F0}.Debug|Any CPU.Build.0 = Debug|Any CPU
		{2A171B4C-9480-4A6C-9B66-45E4CCFFE9F0}.Release|Any CPU.ActiveCfg = Release|Any CPU
		{2A171B4C-9480-4A6C-9B66-45E4CCFFE9F0}.Release|Any CPU.Build.0 = Release|Any CPU
		{A2EFF2C4-0DE5-4BFA-ACAA-0CB3FD6E518A}.Debug|Any CPU.ActiveCfg = Debug|Any CPU
		{A2EFF2C4-0DE5-4BFA-ACAA-0CB3FD6E518A}.Debug|Any CPU.Build.0 = Debug|Any CPU
		{A2EFF2C4-0DE5-4BFA-ACAA-0CB3FD6E518A}.Release|Any CPU.ActiveCfg = Release|Any CPU
		{A2EFF2C4-0DE5-4BFA-ACAA-0CB3FD6E518A}.Release|Any CPU.Build.0 = Release|Any CPU
	EndGlobalSection
	GlobalSection(SolutionProperties) = preSolution
		HideSolutionNode = FALSE
	EndGlobalSection
	GlobalSection(ExtensibilityGlobals) = postSolution
		SolutionGuid = {2CAAFA95-AC86-42DC-8535-57DC2ADBA130}
	EndGlobalSection
EndGlobal
